
Microsoft Visual Studio Solution File, Format Version 12.00
# Visual Studio 15
VisualStudioVersion = 15.0.28307.572
MinimumVisualStudioVersion = 10.0.40219.1
Project("{FAE04EC0-301F-11D3-BF4B-00C04F79EFBC}") = "SNAKE", "SNAKE\SNAKE.csproj", "{7AEFE163-21AA-453A-A91F-D6C1F65A7FFD}"
EndProject
Global
	GlobalSection(SolutionConfigurationPlatforms) = preSolution
		Debug|Any CPU = Debug|Any CPU
		Release|Any CPU = Release|Any CPU
	EndGlobalSection
	GlobalSection(ProjectConfigurationPlatforms) = postSolution
		{7AEFE163-21AA-453A-A91F-D6C1F65A7FFD}.Debug|Any CPU.ActiveCfg = Debug|Any CPU
		{7AEFE163-21AA-453A-A91F-D6C1F65A7FFD}.Debug|Any CPU.Build.0 = Debug|Any CPU
		{7AEFE163-21AA-453A-A91F-D6C1F65A7FFD}.Release|Any CPU.ActiveCfg = Release|Any CPU
		{7AEFE163-21AA-453A-A91F-D6C1F65A7FFD}.Release|Any CPU.Build.0 = Release|Any CPU
	EndGlobalSection
	GlobalSection(SolutionProperties) = preSolution
		HideSolutionNode = FALSE
	EndGlobalSection
	GlobalSection(ExtensibilityGlobals) = postSolution
		SolutionGuid = {2FD1A420-269D-42BE-95BF-DC29E731EB1B}
	EndGlobalSection
EndGlobal
